
Microsoft Visual Studio Solution File, Format Version 12.00
# Visual Studio Version 16
VisualStudioVersion = 16.0.29215.179
MinimumVisualStudioVersion = 10.0.40219.1
Project("{FAE04EC0-301F-11D3-BF4B-00C04F79EFBC}") = "Hospital Charges", "Hospital Charges\Hospital Charges.csproj", "{0DD6BCEC-C169-4A97-B717-D6F3944BF36A}"
EndProject
Global
	GlobalSection(SolutionConfigurationPlatforms) = preSolution
		Debug|Any CPU = Debug|Any CPU
		Release|Any CPU = Release|Any CPU
	EndGlobalSection
	GlobalSection(ProjectConfigurationPlatforms) = postSolution
		{0DD6BCEC-C169-4A97-B717-D6F3944BF36A}.Debug|Any CPU.ActiveCfg = Debug|Any CPU
		{0DD6BCEC-C169-4A97-B717-D6F3944BF36A}.Debug|Any CPU.Build.0 = Debug|Any CPU
		{0DD6BCEC-C169-4A97-B717-D6F3944BF36A}.Release|Any CPU.ActiveCfg = Release|Any CPU
		{0DD6BCEC-C169-4A97-B717-D6F3944BF36A}.Release|Any CPU.Build.0 = Release|Any CPU
	EndGlobalSection
	GlobalSection(SolutionProperties) = preSolution
		HideSolutionNode = FALSE
	EndGlobalSection
	GlobalSection(ExtensibilityGlobals) = postSolution
		SolutionGuid = {2B2B3ACD-470B-4A57-8933-EDA2E5366347}
	EndGlobalSection
EndGlobal
